
Microsoft Visual Studio Solution File, Format Version 12.00
# Visual Studio 15
VisualStudioVersion = 15.0.27428.2037
MinimumVisualStudioVersion = 10.0.40219.1
Project("{9A19103F-16F7-4668-BE54-9A1E7A4F7556}") = "Insta.Web", "Insta.Web\Insta.Web.csproj", "{CCF604EB-6B51-425D-9FA3-80A28955B5B5}"
EndProject
Project("{9A19103F-16F7-4668-BE54-9A1E7A4F7556}") = "Insta.Processing", "Insta.Processing\Insta.Processing.csproj", "{0293CCF7-F2A1-4E20-A832-AA7F2B1A34B1}"
EndProject
Project("{2150E333-8FDC-42A3-9474-1A3956D46DE8}") = "sql-scripts", "sql-scripts", "{FC739B1A-F00B-4261-8B97-0214E017BB82}"
	ProjectSection(SolutionItems) = preProject
		..\sql-scripts\create-tables.sql = ..\sql-scripts\create-tables.sql
	EndProjectSection
EndProject
Project("{FAE04EC0-301F-11D3-BF4B-00C04F79EFBC}") = "Insta.Common", "Insta.Common\Insta.Common.csproj", "{42564A88-45F6-458F-BB98-8DC3F94AA326}"
EndProject
Global
	GlobalSection(SolutionConfigurationPlatforms) = preSolution
		Debug|Any CPU = Debug|Any CPU
		Release|Any CPU = Release|Any CPU
	EndGlobalSection
	GlobalSection(ProjectConfigurationPlatforms) = postSolution
		{CCF604EB-6B51-425D-9FA3-80A28955B5B5}.Debug|Any CPU.ActiveCfg = Debug|Any CPU
		{CCF604EB-6B51-425D-9FA3-80A28955B5B5}.Debug|Any CPU.Build.0 = Debug|Any CPU
		{CCF604EB-6B51-425D-9FA3-80A28955B5B5}.Release|Any CPU.ActiveCfg = Release|Any CPU
		{CCF604EB-6B51-425D-9FA3-80A28955B5B5}.Release|Any CPU.Build.0 = Release|Any CPU
		{0293CCF7-F2A1-4E20-A832-AA7F2B1A34B1}.Debug|Any CPU.ActiveCfg = Debug|Any CPU
		{0293CCF7-F2A1-4E20-A832-AA7F2B1A34B1}.Debug|Any CPU.Build.0 = Debug|Any CPU
		{0293CCF7-F2A1-4E20-A832-AA7F2B1A34B1}.Release|Any CPU.ActiveCfg = Release|Any CPU
		{0293CCF7-F2A1-4E20-A832-AA7F2B1A34B1}.Release|Any CPU.Build.0 = Release|Any CPU
		{42564A88-45F6-458F-BB98-8DC3F94AA326}.Debug|Any CPU.ActiveCfg = Debug|Any CPU
		{42564A88-45F6-458F-BB98-8DC3F94AA326}.Debug|Any CPU.Build.0 = Debug|Any CPU
		{42564A88-45F6-458F-BB98-8DC3F94AA326}.Release|Any CPU.ActiveCfg = Release|Any CPU
		{42564A88-45F6-458F-BB98-8DC3F94AA326}.Release|Any CPU.Build.0 = Release|Any CPU
	EndGlobalSection
	GlobalSection(SolutionProperties) = preSolution
		HideSolutionNode = FALSE
	EndGlobalSection
	GlobalSection(ExtensibilityGlobals) = postSolution
		SolutionGuid = {7CAE58D5-62E3-40CE-A364-2DED9F90563E}
	EndGlobalSection
EndGlobal
