
Microsoft Visual Studio Solution File, Format Version 12.00
# Visual Studio 15
VisualStudioVersion = 15.0.27428.2037
MinimumVisualStudioVersion = 10.0.40219.1
Project("{9A19103F-16F7-4668-BE54-9A1E7A4F7556}") = "Insta.Web", "Insta.Web\Insta.Web.csproj", "{CCF604EB-6B51-425D-9FA3-80A28955B5B5}"
EndProject
Global
	GlobalSection(SolutionConfigurationPlatforms) = preSolution
		Debug|Any CPU = Debug|Any CPU
		Release|Any CPU = Release|Any CPU
	EndGlobalSection
	GlobalSection(ProjectConfigurationPlatforms) = postSolution
		{CCF604EB-6B51-425D-9FA3-80A28955B5B5}.Debug|Any CPU.ActiveCfg = Debug|Any CPU
		{CCF604EB-6B51-425D-9FA3-80A28955B5B5}.Debug|Any CPU.Build.0 = Debug|Any CPU
		{CCF604EB-6B51-425D-9FA3-80A28955B5B5}.Release|Any CPU.ActiveCfg = Release|Any CPU
		{CCF604EB-6B51-425D-9FA3-80A28955B5B5}.Release|Any CPU.Build.0 = Release|Any CPU
	EndGlobalSection
	GlobalSection(SolutionProperties) = preSolution
		HideSolutionNode = FALSE
	EndGlobalSection
	GlobalSection(ExtensibilityGlobals) = postSolution
		SolutionGuid = {7CAE58D5-62E3-40CE-A364-2DED9F90563E}
	EndGlobalSection
EndGlobal
